{
    "_readme": [
        "This file locks the dependencies of your project to a known state",
        "Read more about it at https://getcomposer.org/doc/01-basic-usage.md#installing-dependencies",
        "This file is @generated automatically"
    ],
    "content-hash": "c919a20920bc6d5554012ed877810a3f",
    "packages": [
        {
            "name": "delight-im/auth",
            "version": "v8.1.0",
            "source": {
                "type": "git",
                "url": "https://github.com/delight-im/PHP-Auth.git",
                "reference": "4cd6360fc7edbbff72c9199b4f4ce3548b659232"
            },
            "dist": {
                "type": "zip",
                "url": "https://api.github.com/repos/delight-im/PHP-Auth/zipball/4cd6360fc7edbbff72c9199b4f4ce3548b659232",
                "reference": "4cd6360fc7edbbff72c9199b4f4ce3548b659232",
                "shasum": ""
            },
            "require": {
                "delight-im/base64": "^1.0",
                "delight-im/cookie": "^3.1",
                "delight-im/db": "^1.3",
                "ext-openssl": "*",
                "php": ">=5.6.0"
            },
            "type": "library",
            "autoload": {
                "psr-4": {
                    "Delight\\Auth\\": "src/"
                }
            },
            "notification-url": "https://packagist.org/downloads/",
            "license": [
                "MIT"
            ],
            "description": "Authentication for PHP. Simple, lightweight and secure.",
            "homepage": "https://github.com/delight-im/PHP-Auth",
            "keywords": [
                "Authentication",
                "auth",
                "login",
                "security"
            ],
            "time": "2018-08-28T21:51:30+00:00"
        },
        {
            "name": "delight-im/base64",
            "version": "v1.0.0",
            "source": {
                "type": "git",
                "url": "https://github.com/delight-im/PHP-Base64.git",
                "reference": "687b2a49f663e162030a8d27b32838bbe7f91c78"
            },
            "dist": {
                "type": "zip",
                "url": "https://api.github.com/repos/delight-im/PHP-Base64/zipball/687b2a49f663e162030a8d27b32838bbe7f91c78",
                "reference": "687b2a49f663e162030a8d27b32838bbe7f91c78",
                "shasum": ""
            },
            "require": {
                "php": ">=5.3.0"
            },
            "type": "library",
            "autoload": {
                "psr-4": {
                    "Delight\\Base64\\": "src/"
                }
            },
            "notification-url": "https://packagist.org/downloads/",
            "license": [
                "MIT"
            ],
            "description": "Simple and convenient Base64 encoding and decoding for PHP",
            "homepage": "https://github.com/delight-im/PHP-Base64",
            "keywords": [
                "URL-safe",
                "base-64",
                "base64",
                "decode",
                "decoding",
                "encode",
                "encoding",
                "url"
            ],
            "time": "2017-07-24T18:59:51+00:00"
        },
        {
            "name": "delight-im/cookie",
            "version": "v3.1.2",
            "source": {
                "type": "git",
                "url": "https://github.com/delight-im/PHP-Cookie.git",
                "reference": "b3ca3233dd1e1e91efb259b9b717a1c941d67ecc"
            },
            "dist": {
                "type": "zip",
                "url": "https://api.github.com/repos/delight-im/PHP-Cookie/zipball/b3ca3233dd1e1e91efb259b9b717a1c941d67ecc",
                "reference": "b3ca3233dd1e1e91efb259b9b717a1c941d67ecc",
                "shasum": ""
            },
            "require": {
                "delight-im/http": "^2.0",
                "php": ">=5.4.0"
            },
            "type": "library",
            "autoload": {
                "psr-4": {
                    "Delight\\Cookie\\": "src/"
                }
            },
            "notification-url": "https://packagist.org/downloads/",
            "license": [
                "MIT"
            ],
            "description": "Modern cookie management for PHP",
            "homepage": "https://github.com/delight-im/PHP-Cookie",
            "keywords": [
                "cookie",
                "cookies",
                "csrf",
                "http",
                "same-site",
                "samesite",
                "xss"
            ],
            "time": "2018-10-11T17:27:45+00:00"
        },
        {
            "name": "delight-im/db",
            "version": "v1.3.0",
            "source": {
                "type": "git",
                "url": "https://github.com/delight-im/PHP-DB.git",
                "reference": "7a03da20b5592fa445c10cd6c7245d51037292c4"
            },
            "dist": {
                "type": "zip",
                "url": "https://api.github.com/repos/delight-im/PHP-DB/zipball/7a03da20b5592fa445c10cd6c7245d51037292c4",
                "reference": "7a03da20b5592fa445c10cd6c7245d51037292c4",
                "shasum": ""
            },
            "require": {
                "ext-pdo": "*",
                "php": ">=5.6.0"
            },
            "type": "library",
            "autoload": {
                "psr-4": {
                    "Delight\\Db\\": "src/"
                }
            },
            "notification-url": "https://packagist.org/downloads/",
            "license": [
                "MIT"
            ],
            "description": "Safe and convenient SQL database access in a driver-agnostic way",
            "homepage": "https://github.com/delight-im/PHP-DB",
            "keywords": [
                "database",
                "mysql",
                "pdo",
                "pgsql",
                "postgresql",
                "sql",
                "sqlite"
            ],
            "time": "2018-08-28T18:23:01+00:00"
        },
        {
            "name": "delight-im/http",
            "version": "v2.0.0",
            "source": {
                "type": "git",
                "url": "https://github.com/delight-im/PHP-HTTP.git",
                "reference": "0a19a72a7eac8b1301aa972fb20cff494ac43e09"
            },
            "dist": {
                "type": "zip",
                "url": "https://api.github.com/repos/delight-im/PHP-HTTP/zipball/0a19a72a7eac8b1301aa972fb20cff494ac43e09",
                "reference": "0a19a72a7eac8b1301aa972fb20cff494ac43e09",
                "shasum": ""
            },
            "require": {
                "php": ">=5.3.0"
            },
            "type": "library",
            "autoload": {
                "psr-4": {
                    "Delight\\Http\\": "src/"
                }
            },
            "notification-url": "https://packagist.org/downloads/",
            "license": [
                "MIT"
            ],
            "description": "Hypertext Transfer Protocol (HTTP) utilities for PHP",
            "homepage": "https://github.com/delight-im/PHP-HTTP",
            "keywords": [
                "headers",
                "http",
                "https"
            ],
            "time": "2016-07-21T15:05:01+00:00"
        },
        {
            "name": "doctrine/lexer",
            "version": "v1.0.1",
            "source": {
                "type": "git",
                "url": "https://github.com/doctrine/lexer.git",
                "reference": "83893c552fd2045dd78aef794c31e694c37c0b8c"
            },
            "dist": {
                "type": "zip",
                "url": "https://api.github.com/repos/doctrine/lexer/zipball/83893c552fd2045dd78aef794c31e694c37c0b8c",
                "reference": "83893c552fd2045dd78aef794c31e694c37c0b8c",
                "shasum": ""
            },
            "require": {
                "php": ">=5.3.2"
            },
            "type": "library",
            "extra": {
                "branch-alias": {
                    "dev-master": "1.0.x-dev"
                }
            },
            "autoload": {
                "psr-0": {
                    "Doctrine\\Common\\Lexer\\": "lib/"
                }
            },
            "notification-url": "https://packagist.org/downloads/",
            "license": [
                "MIT"
            ],
            "authors": [
                {
                    "name": "Roman Borschel",
                    "email": "roman@code-factory.org"
                },
                {
                    "name": "Guilherme Blanco",
                    "email": "guilhermeblanco@gmail.com"
                },
                {
                    "name": "Johannes Schmitt",
                    "email": "schmittjoh@gmail.com"
                }
            ],
            "description": "Base library for a lexer that can be used in Top-Down, Recursive Descent Parsers.",
            "homepage": "http://www.doctrine-project.org",
            "keywords": [
                "lexer",
                "parser"
            ],
            "time": "2014-09-09T13:34:57+00:00"
        },
        {
            "name": "duncan3dc/speaker",
            "version": "1.1.0",
            "source": {
                "type": "git",
                "url": "https://github.com/duncan3dc/speaker.git",
                "reference": "c669199227676cae1508c4e97dd10ff938757631"
            },
            "dist": {
                "type": "zip",
                "url": "https://api.github.com/repos/duncan3dc/speaker/zipball/c669199227676cae1508c4e97dd10ff938757631",
                "reference": "c669199227676cae1508c4e97dd10ff938757631",
                "shasum": ""
            },
            "require": {
                "guzzlehttp/guzzle": "^6.0",
                "php": "^7.0",
                "symfony/process": "^2.3"
            },
            "require-dev": {
                "mockery/mockery": "^1.0",
                "phpunit/phpunit": "^6.4",
                "satooshi/php-coveralls": "^1.0"
            },
            "suggest": {
                "aws/aws-sdk-php": "Allows you to use the AmazonPollyProvider"
            },
            "type": "library",
            "autoload": {
                "psr-4": {
                    "duncan3dc\\Speaker\\": "src/"
                }
            },
            "notification-url": "https://packagist.org/downloads/",
            "license": [
                "Apache-2.0"
            ],
            "authors": [
                {
                    "name": "Craig Duncan",
                    "email": "git@duncanc.co.uk",
                    "homepage": "https://github.com/duncan3dc",
                    "role": "Developer"
                }
            ],
            "description": "Convert text to speech using web services",
            "homepage": "https://github.com/duncan3dc/speaker",
            "keywords": [
                "speech",
                "text-to-speech",
                "tts"
            ],
            "time": "2018-03-09T17:46:47+00:00"
        },
        {
            "name": "egulias/email-validator",
            "version": "2.1.7",
            "source": {
                "type": "git",
                "url": "https://github.com/egulias/EmailValidator.git",
                "reference": "709f21f92707308cdf8f9bcfa1af4cb26586521e"
            },
            "dist": {
                "type": "zip",
                "url": "https://api.github.com/repos/egulias/EmailValidator/zipball/709f21f92707308cdf8f9bcfa1af4cb26586521e",
                "reference": "709f21f92707308cdf8f9bcfa1af4cb26586521e",
                "shasum": ""
            },
            "require": {
                "doctrine/lexer": "^1.0.1",
                "php": ">= 5.5"
            },
            "require-dev": {
                "dominicsayers/isemail": "dev-master",
                "phpunit/phpunit": "^4.8.35||^5.7||^6.0",
                "satooshi/php-coveralls": "^1.0.1"
            },
            "suggest": {
                "ext-intl": "PHP Internationalization Libraries are required to use the SpoofChecking validation"
            },
            "type": "library",
            "extra": {
                "branch-alias": {
                    "dev-master": "2.0.x-dev"
                }
            },
            "autoload": {
                "psr-4": {
                    "Egulias\\EmailValidator\\": "EmailValidator"
                }
            },
            "notification-url": "https://packagist.org/downloads/",
            "license": [
                "MIT"
            ],
            "authors": [
                {
                    "name": "Eduardo Gulias Davis"
                }
            ],
            "description": "A library for validating emails against several RFCs",
            "homepage": "https://github.com/egulias/EmailValidator",
            "keywords": [
                "email",
                "emailvalidation",
                "emailvalidator",
                "validation",
                "validator"
            ],
            "time": "2018-12-04T22:38:24+00:00"
        },
        {
            "name": "guzzlehttp/guzzle",
            "version": "6.3.3",
            "source": {
                "type": "git",
                "url": "https://github.com/guzzle/guzzle.git",
                "reference": "407b0cb880ace85c9b63c5f9551db498cb2d50ba"
            },
            "dist": {
                "type": "zip",
                "url": "https://api.github.com/repos/guzzle/guzzle/zipball/407b0cb880ace85c9b63c5f9551db498cb2d50ba",
                "reference": "407b0cb880ace85c9b63c5f9551db498cb2d50ba",
                "shasum": ""
            },
            "require": {
                "guzzlehttp/promises": "^1.0",
                "guzzlehttp/psr7": "^1.4",
                "php": ">=5.5"
            },
            "require-dev": {
                "ext-curl": "*",
                "phpunit/phpunit": "^4.8.35 || ^5.7 || ^6.4 || ^7.0",
                "psr/log": "^1.0"
            },
            "suggest": {
                "psr/log": "Required for using the Log middleware"
            },
            "type": "library",
            "extra": {
                "branch-alias": {
                    "dev-master": "6.3-dev"
                }
            },
            "autoload": {
                "files": [
                    "src/functions_include.php"
                ],
                "psr-4": {
                    "GuzzleHttp\\": "src/"
                }
            },
            "notification-url": "https://packagist.org/downloads/",
            "license": [
                "MIT"
            ],
            "authors": [
                {
                    "name": "Michael Dowling",
                    "email": "mtdowling@gmail.com",
                    "homepage": "https://github.com/mtdowling"
                }
            ],
            "description": "Guzzle is a PHP HTTP client library",
            "homepage": "http://guzzlephp.org/",
            "keywords": [
                "client",
                "curl",
                "framework",
                "http",
                "http client",
                "rest",
                "web service"
            ],
            "time": "2018-04-22T15:46:56+00:00"
        },
        {
            "name": "guzzlehttp/promises",
            "version": "v1.3.1",
            "source": {
                "type": "git",
                "url": "https://github.com/guzzle/promises.git",
                "reference": "a59da6cf61d80060647ff4d3eb2c03a2bc694646"
            },
            "dist": {
                "type": "zip",
                "url": "https://api.github.com/repos/guzzle/promises/zipball/a59da6cf61d80060647ff4d3eb2c03a2bc694646",
                "reference": "a59da6cf61d80060647ff4d3eb2c03a2bc694646",
                "shasum": ""
            },
            "require": {
                "php": ">=5.5.0"
            },
            "require-dev": {
                "phpunit/phpunit": "^4.0"
            },
            "type": "library",
            "extra": {
                "branch-alias": {
                    "dev-master": "1.4-dev"
                }
            },
            "autoload": {
                "psr-4": {
                    "GuzzleHttp\\Promise\\": "src/"
                },
                "files": [
                    "src/functions_include.php"
                ]
            },
            "notification-url": "https://packagist.org/downloads/",
            "license": [
                "MIT"
            ],
            "authors": [
                {
                    "name": "Michael Dowling",
                    "email": "mtdowling@gmail.com",
                    "homepage": "https://github.com/mtdowling"
                }
            ],
            "description": "Guzzle promises library",
            "keywords": [
                "promise"
            ],
            "time": "2016-12-20T10:07:11+00:00"
        },
        {
            "name": "guzzlehttp/psr7",
            "version": "1.5.2",
            "source": {
                "type": "git",
                "url": "https://github.com/guzzle/psr7.git",
                "reference": "9f83dded91781a01c63574e387eaa769be769115"
            },
            "dist": {
                "type": "zip",
                "url": "https://api.github.com/repos/guzzle/psr7/zipball/9f83dded91781a01c63574e387eaa769be769115",
                "reference": "9f83dded91781a01c63574e387eaa769be769115",
                "shasum": ""
            },
            "require": {
                "php": ">=5.4.0",
                "psr/http-message": "~1.0",
                "ralouphie/getallheaders": "^2.0.5"
            },
            "provide": {
                "psr/http-message-implementation": "1.0"
            },
            "require-dev": {
                "phpunit/phpunit": "~4.8.36 || ^5.7.27 || ^6.5.8"
            },
            "type": "library",
            "extra": {
                "branch-alias": {
                    "dev-master": "1.5-dev"
                }
            },
            "autoload": {
                "psr-4": {
                    "GuzzleHttp\\Psr7\\": "src/"
                },
                "files": [
                    "src/functions_include.php"
                ]
            },
            "notification-url": "https://packagist.org/downloads/",
            "license": [
                "MIT"
            ],
            "authors": [
                {
                    "name": "Michael Dowling",
                    "email": "mtdowling@gmail.com",
                    "homepage": "https://github.com/mtdowling"
                },
                {
                    "name": "Tobias Schultze",
                    "homepage": "https://github.com/Tobion"
                }
            ],
            "description": "PSR-7 message implementation that also provides common utility methods",
            "keywords": [
                "http",
                "message",
                "psr-7",
                "request",
                "response",
                "stream",
                "uri",
                "url"
            ],
            "time": "2018-12-04T20:46:45+00:00"
        },
        {
            "name": "mpdf/mpdf",
            "version": "v7.1.9",
            "source": {
                "type": "git",
                "url": "https://github.com/mpdf/mpdf.git",
                "reference": "a0fc1215d2306aa3b4ba6e97bd6ebe4bab6a88fb"
            },
            "dist": {
                "type": "zip",
                "url": "https://api.github.com/repos/mpdf/mpdf/zipball/a0fc1215d2306aa3b4ba6e97bd6ebe4bab6a88fb",
                "reference": "a0fc1215d2306aa3b4ba6e97bd6ebe4bab6a88fb",
                "shasum": ""
            },
            "require": {
                "ext-gd": "*",
                "ext-mbstring": "*",
                "myclabs/deep-copy": "^1.7",
                "paragonie/random_compat": "^1.4|^2.0|9.99.99",
                "php": "^5.6 || ~7.0.0 || ~7.1.0 || ~7.2.0 || ~7.3.0",
                "psr/log": "^1.0",
                "setasign/fpdi": "1.6.*"
            },
            "require-dev": {
                "mockery/mockery": "^0.9.5",
                "phpunit/phpunit": "^5.0",
                "squizlabs/php_codesniffer": "^2.7.0",
                "tracy/tracy": "^2.4"
            },
            "suggest": {
                "ext-bcmath": "Needed for generation of some types of barcodes",
                "ext-xml": "Needed mainly for SVG manipulation",
                "ext-zlib": "Needed for compression of embedded resources, such as fonts"
            },
            "type": "library",
            "extra": {
                "branch-alias": {
                    "dev-development": "7.x-dev"
                }
            },
            "autoload": {
                "psr-4": {
                    "Mpdf\\": "src/"
                }
            },
            "notification-url": "https://packagist.org/downloads/",
            "license": [
                "GPL-2.0-only"
            ],
            "authors": [
                {
                    "name": "Matěj Humpál",
                    "role": "Developer, maintainer"
                },
                {
                    "name": "Ian Back",
                    "role": "Developer (retired)"
                }
            ],
            "description": "PHP library generating PDF files from UTF-8 encoded HTML",
            "homepage": "https://mpdf.github.io",
            "keywords": [
                "pdf",
                "php",
                "utf-8"
            ],
            "time": "2019-02-06T13:32:19+00:00"
        },
        {
            "name": "myclabs/deep-copy",
            "version": "1.8.1",
            "source": {
                "type": "git",
                "url": "https://github.com/myclabs/DeepCopy.git",
                "reference": "3e01bdad3e18354c3dce54466b7fbe33a9f9f7f8"
            },
            "dist": {
                "type": "zip",
                "url": "https://api.github.com/repos/myclabs/DeepCopy/zipball/3e01bdad3e18354c3dce54466b7fbe33a9f9f7f8",
                "reference": "3e01bdad3e18354c3dce54466b7fbe33a9f9f7f8",
                "shasum": ""
            },
            "require": {
                "php": "^7.1"
            },
            "replace": {
                "myclabs/deep-copy": "self.version"
            },
            "require-dev": {
                "doctrine/collections": "^1.0",
                "doctrine/common": "^2.6",
                "phpunit/phpunit": "^7.1"
            },
            "type": "library",
            "autoload": {
                "psr-4": {
                    "DeepCopy\\": "src/DeepCopy/"
                },
                "files": [
                    "src/DeepCopy/deep_copy.php"
                ]
            },
            "notification-url": "https://packagist.org/downloads/",
            "license": [
                "MIT"
            ],
            "description": "Create deep copies (clones) of your objects",
            "keywords": [
                "clone",
                "copy",
                "duplicate",
                "object",
                "object graph"
            ],
            "time": "2018-06-11T23:09:50+00:00"
        },
        {
            "name": "paragonie/random_compat",
            "version": "v9.99.99",
            "source": {
                "type": "git",
                "url": "https://github.com/paragonie/random_compat.git",
                "reference": "84b4dfb120c6f9b4ff7b3685f9b8f1aa365a0c95"
            },
            "dist": {
                "type": "zip",
                "url": "https://api.github.com/repos/paragonie/random_compat/zipball/84b4dfb120c6f9b4ff7b3685f9b8f1aa365a0c95",
                "reference": "84b4dfb120c6f9b4ff7b3685f9b8f1aa365a0c95",
                "shasum": ""
            },
            "require": {
                "php": "^7"
            },
            "require-dev": {
                "phpunit/phpunit": "4.*|5.*",
                "vimeo/psalm": "^1"
            },
            "suggest": {
                "ext-libsodium": "Provides a modern crypto API that can be used to generate random bytes."
            },
            "type": "library",
            "notification-url": "https://packagist.org/downloads/",
            "license": [
                "MIT"
            ],
            "authors": [
                {
                    "name": "Paragon Initiative Enterprises",
                    "email": "security@paragonie.com",
                    "homepage": "https://paragonie.com"
                }
            ],
            "description": "PHP 5.x polyfill for random_bytes() and random_int() from PHP 7",
            "keywords": [
                "csprng",
                "polyfill",
                "pseudorandom",
                "random"
            ],
            "time": "2018-07-02T15:55:56+00:00"
        },
        {
            "name": "psr/http-message",
            "version": "1.0.1",
            "source": {
                "type": "git",
                "url": "https://github.com/php-fig/http-message.git",
                "reference": "f6561bf28d520154e4b0ec72be95418abe6d9363"
            },
            "dist": {
                "type": "zip",
                "url": "https://api.github.com/repos/php-fig/http-message/zipball/f6561bf28d520154e4b0ec72be95418abe6d9363",
                "reference": "f6561bf28d520154e4b0ec72be95418abe6d9363",
                "shasum": ""
            },
            "require": {
                "php": ">=5.3.0"
            },
            "type": "library",
            "extra": {
                "branch-alias": {
                    "dev-master": "1.0.x-dev"
                }
            },
            "autoload": {
                "psr-4": {
                    "Psr\\Http\\Message\\": "src/"
                }
            },
            "notification-url": "https://packagist.org/downloads/",
            "license": [
                "MIT"
            ],
            "authors": [
                {
                    "name": "PHP-FIG",
                    "homepage": "http://www.php-fig.org/"
                }
            ],
            "description": "Common interface for HTTP messages",
            "homepage": "https://github.com/php-fig/http-message",
            "keywords": [
                "http",
                "http-message",
                "psr",
                "psr-7",
                "request",
                "response"
            ],
            "time": "2016-08-06T14:39:51+00:00"
        },
        {
            "name": "psr/log",
            "version": "1.1.0",
            "source": {
                "type": "git",
                "url": "https://github.com/php-fig/log.git",
                "reference": "6c001f1daafa3a3ac1d8ff69ee4db8e799a654dd"
            },
            "dist": {
                "type": "zip",
                "url": "https://api.github.com/repos/php-fig/log/zipball/6c001f1daafa3a3ac1d8ff69ee4db8e799a654dd",
                "reference": "6c001f1daafa3a3ac1d8ff69ee4db8e799a654dd",
                "shasum": ""
            },
            "require": {
                "php": ">=5.3.0"
            },
            "type": "library",
            "extra": {
                "branch-alias": {
                    "dev-master": "1.0.x-dev"
                }
            },
            "autoload": {
                "psr-4": {
                    "Psr\\Log\\": "Psr/Log/"
                }
            },
            "notification-url": "https://packagist.org/downloads/",
            "license": [
                "MIT"
            ],
            "authors": [
                {
                    "name": "PHP-FIG",
                    "homepage": "http://www.php-fig.org/"
                }
            ],
            "description": "Common interface for logging libraries",
            "homepage": "https://github.com/php-fig/log",
            "keywords": [
                "log",
                "psr",
                "psr-3"
            ],
            "time": "2018-11-20T15:27:04+00:00"
        },
        {
            "name": "ralouphie/getallheaders",
            "version": "2.0.5",
            "source": {
                "type": "git",
                "url": "https://github.com/ralouphie/getallheaders.git",
                "reference": "5601c8a83fbba7ef674a7369456d12f1e0d0eafa"
            },
            "dist": {
                "type": "zip",
                "url": "https://api.github.com/repos/ralouphie/getallheaders/zipball/5601c8a83fbba7ef674a7369456d12f1e0d0eafa",
                "reference": "5601c8a83fbba7ef674a7369456d12f1e0d0eafa",
                "shasum": ""
            },
            "require": {
                "php": ">=5.3"
            },
            "require-dev": {
                "phpunit/phpunit": "~3.7.0",
                "satooshi/php-coveralls": ">=1.0"
            },
            "type": "library",
            "autoload": {
                "files": [
                    "src/getallheaders.php"
                ]
            },
            "notification-url": "https://packagist.org/downloads/",
            "license": [
                "MIT"
            ],
            "authors": [
                {
                    "name": "Ralph Khattar",
                    "email": "ralph.khattar@gmail.com"
                }
            ],
            "description": "A polyfill for getallheaders.",
            "time": "2016-02-11T07:05:27+00:00"
        },
        {
            "name": "respect/validation",
            "version": "1.1.29",
            "source": {
                "type": "git",
                "url": "https://github.com/Respect/Validation.git",
                "reference": "f8c90fa36859ca41c766efcf0c476d58913a7767"
            },
            "dist": {
                "type": "zip",
                "url": "https://api.github.com/repos/Respect/Validation/zipball/f8c90fa36859ca41c766efcf0c476d58913a7767",
                "reference": "f8c90fa36859ca41c766efcf0c476d58913a7767",
                "shasum": ""
            },
            "require": {
                "php": ">=5.4",
                "symfony/polyfill-mbstring": "^1.2"
            },
            "require-dev": {
                "egulias/email-validator": "~1.2 || ~2.1",
                "mikey179/vfsstream": "^1.5",
                "phpunit/phpunit": "~4.0",
                "symfony/validator": "~2.6.9",
                "zendframework/zend-validator": "~2.3"
            },
            "suggest": {
                "egulias/email-validator": "Strict (RFC compliant) email validation",
                "ext-bcmath": "Arbitrary Precision Mathematics",
                "ext-mbstring": "Multibyte String Functions",
                "friendsofphp/php-cs-fixer": "Fix PSR2 and other coding style issues",
                "symfony/validator": "Use Symfony validator through Respect\\Validation",
                "zendframework/zend-validator": "Use Zend Framework validator through Respect\\Validation"
            },
            "type": "library",
            "extra": {
                "branch-alias": {
                    "dev-master": "1.1-dev"
                }
            },
            "autoload": {
                "psr-4": {
                    "Respect\\Validation\\": "library/"
                }
            },
            "notification-url": "https://packagist.org/downloads/",
            "license": [
                "BSD-3-Clause"
            ],
            "authors": [
                {
                    "name": "Respect/Validation Contributors",
                    "homepage": "https://github.com/Respect/Validation/graphs/contributors"
                }
            ],
            "description": "The most awesome validation engine ever created for PHP",
            "homepage": "http://respect.github.io/Validation/",
            "keywords": [
                "respect",
                "validation",
                "validator"
            ],
            "time": "2018-11-04T21:58:45+00:00"
        },
        {
            "name": "setasign/fpdi",
            "version": "1.6.2",
            "source": {
                "type": "git",
                "url": "https://github.com/Setasign/FPDI.git",
                "reference": "a6ad58897a6d97cc2d2cd2adaeda343b25a368ea"
            },
            "dist": {
                "type": "zip",
                "url": "https://api.github.com/repos/Setasign/FPDI/zipball/a6ad58897a6d97cc2d2cd2adaeda343b25a368ea",
                "reference": "a6ad58897a6d97cc2d2cd2adaeda343b25a368ea",
                "shasum": ""
            },
            "suggest": {
                "setasign/fpdf": "FPDI will extend this class but as it is also possible to use \"tecnickcom/tcpdf\" as an alternative there's no fixed dependency configured.",
                "setasign/fpdi-fpdf": "Use this package to automatically evaluate dependencies to FPDF.",
                "setasign/fpdi-tcpdf": "Use this package to automatically evaluate dependencies to TCPDF."
            },
            "type": "library",
            "autoload": {
                "classmap": [
                    "filters/",
                    "fpdi.php",
                    "fpdf_tpl.php",
                    "fpdi_pdf_parser.php",
                    "pdf_context.php"
                ]
            },
            "notification-url": "https://packagist.org/downloads/",
            "license": [
                "MIT"
            ],
            "authors": [
                {
                    "name": "Jan Slabon",
                    "email": "jan.slabon@setasign.com",
                    "homepage": "https://www.setasign.com"
                }
            ],
            "description": "FPDI is a collection of PHP classes facilitating developers to read pages from existing PDF documents and use them as templates in FPDF. Because it is also possible to use FPDI with TCPDF, there are no fixed dependencies defined. Please see suggestions for packages which evaluates the dependencies automatically.",
            "homepage": "https://www.setasign.com/fpdi",
            "keywords": [
                "fpdf",
                "fpdi",
                "pdf"
            ],
            "time": "2017-05-11T14:25:49+00:00"
        },
        {
            "name": "swiftmailer/swiftmailer",
            "version": "v6.2.0",
            "source": {
                "type": "git",
                "url": "https://github.com/swiftmailer/swiftmailer.git",
                "reference": "6fa3232ff9d3f8237c0fae4b7ff05e1baa4cd707"
            },
            "dist": {
                "type": "zip",
                "url": "https://api.github.com/repos/swiftmailer/swiftmailer/zipball/6fa3232ff9d3f8237c0fae4b7ff05e1baa4cd707",
                "reference": "6fa3232ff9d3f8237c0fae4b7ff05e1baa4cd707",
                "shasum": ""
            },
            "require": {
                "egulias/email-validator": "~2.0",
                "php": ">=7.0.0",
                "symfony/polyfill-iconv": "^1.0",
                "symfony/polyfill-intl-idn": "^1.10",
                "symfony/polyfill-mbstring": "^1.0"
            },
            "require-dev": {
                "mockery/mockery": "~0.9.1",
                "symfony/phpunit-bridge": "^3.4.19|^4.1.8"
            },
            "suggest": {
                "ext-intl": "Needed to support internationalized email addresses",
                "true/punycode": "Needed to support internationalized email addresses, if ext-intl is not installed"
            },
            "type": "library",
            "extra": {
                "branch-alias": {
                    "dev-master": "6.2-dev"
                }
            },
            "autoload": {
                "files": [
                    "lib/swift_required.php"
                ]
            },
            "notification-url": "https://packagist.org/downloads/",
            "license": [
                "MIT"
            ],
            "authors": [
                {
                    "name": "Chris Corbyn"
                },
                {
                    "name": "Fabien Potencier",
                    "email": "fabien@symfony.com"
                }
            ],
            "description": "Swiftmailer, free feature-rich PHP mailer",
            "homepage": "https://swiftmailer.symfony.com",
            "keywords": [
                "email",
                "mail",
                "mailer"
            ],
            "time": "2019-03-10T07:52:41+00:00"
        },
        {
            "name": "symfony/polyfill-iconv",
            "version": "v1.10.0",
            "source": {
                "type": "git",
                "url": "https://github.com/symfony/polyfill-iconv.git",
                "reference": "97001cfc283484c9691769f51cdf25259037eba2"
            },
            "dist": {
                "type": "zip",
                "url": "https://api.github.com/repos/symfony/polyfill-iconv/zipball/97001cfc283484c9691769f51cdf25259037eba2",
                "reference": "97001cfc283484c9691769f51cdf25259037eba2",
                "shasum": ""
            },
            "require": {
                "php": ">=5.3.3"
            },
            "suggest": {
                "ext-iconv": "For best performance"
            },
            "type": "library",
            "extra": {
                "branch-alias": {
                    "dev-master": "1.9-dev"
                }
            },
            "autoload": {
                "psr-4": {
                    "Symfony\\Polyfill\\Iconv\\": ""
                },
                "files": [
                    "bootstrap.php"
                ]
            },
            "notification-url": "https://packagist.org/downloads/",
            "license": [
                "MIT"
            ],
            "authors": [
                {
                    "name": "Nicolas Grekas",
                    "email": "p@tchwork.com"
                },
                {
                    "name": "Symfony Community",
                    "homepage": "https://symfony.com/contributors"
                }
            ],
            "description": "Symfony polyfill for the Iconv extension",
            "homepage": "https://symfony.com",
            "keywords": [
                "compatibility",
                "iconv",
                "polyfill",
                "portable",
                "shim"
            ],
            "time": "2018-09-21T06:26:08+00:00"
        },
        {
            "name": "symfony/polyfill-intl-idn",
            "version": "v1.10.0",
            "source": {
                "type": "git",
                "url": "https://github.com/symfony/polyfill-intl-idn.git",
                "reference": "89de1d44f2c059b266f22c9cc9124ddc4cd0987a"
            },
            "dist": {
                "type": "zip",
                "url": "https://api.github.com/repos/symfony/polyfill-intl-idn/zipball/89de1d44f2c059b266f22c9cc9124ddc4cd0987a",
                "reference": "89de1d44f2c059b266f22c9cc9124ddc4cd0987a",
                "shasum": ""
            },
            "require": {
                "php": ">=5.3.3",
                "symfony/polyfill-mbstring": "^1.3",
                "symfony/polyfill-php72": "^1.9"
            },
            "suggest": {
                "ext-intl": "For best performance"
            },
            "type": "library",
            "extra": {
                "branch-alias": {
                    "dev-master": "1.9-dev"
                }
            },
            "autoload": {
                "psr-4": {
                    "Symfony\\Polyfill\\Intl\\Idn\\": ""
                },
                "files": [
                    "bootstrap.php"
                ]
            },
            "notification-url": "https://packagist.org/downloads/",
            "license": [
                "MIT"
            ],
            "authors": [
                {
                    "name": "Symfony Community",
                    "homepage": "https://symfony.com/contributors"
                },
                {
                    "name": "Laurent Bassin",
                    "email": "laurent@bassin.info"
                }
            ],
            "description": "Symfony polyfill for intl's idn_to_ascii and idn_to_utf8 functions",
            "homepage": "https://symfony.com",
            "keywords": [
                "compatibility",
                "idn",
                "intl",
                "polyfill",
                "portable",
                "shim"
            ],
            "time": "2018-09-30T16:36:12+00:00"
        },
        {
            "name": "symfony/polyfill-mbstring",
            "version": "v1.10.0",
            "source": {
                "type": "git",
                "url": "https://github.com/symfony/polyfill-mbstring.git",
                "reference": "c79c051f5b3a46be09205c73b80b346e4153e494"
            },
            "dist": {
                "type": "zip",
                "url": "https://api.github.com/repos/symfony/polyfill-mbstring/zipball/c79c051f5b3a46be09205c73b80b346e4153e494",
                "reference": "c79c051f5b3a46be09205c73b80b346e4153e494",
                "shasum": ""
            },
            "require": {
                "php": ">=5.3.3"
            },
            "suggest": {
                "ext-mbstring": "For best performance"
            },
            "type": "library",
            "extra": {
                "branch-alias": {
                    "dev-master": "1.9-dev"
                }
            },
            "autoload": {
                "psr-4": {
                    "Symfony\\Polyfill\\Mbstring\\": ""
                },
                "files": [
                    "bootstrap.php"
                ]
            },
            "notification-url": "https://packagist.org/downloads/",
            "license": [
                "MIT"
            ],
            "authors": [
                {
                    "name": "Nicolas Grekas",
                    "email": "p@tchwork.com"
                },
                {
                    "name": "Symfony Community",
                    "homepage": "https://symfony.com/contributors"
                }
            ],
            "description": "Symfony polyfill for the Mbstring extension",
            "homepage": "https://symfony.com",
            "keywords": [
                "compatibility",
                "mbstring",
                "polyfill",
                "portable",
                "shim"
            ],
            "time": "2018-09-21T13:07:52+00:00"
        },
        {
            "name": "symfony/polyfill-php72",
            "version": "v1.10.0",
            "source": {
                "type": "git",
                "url": "https://github.com/symfony/polyfill-php72.git",
                "reference": "9050816e2ca34a8e916c3a0ae8b9c2fccf68b631"
            },
            "dist": {
                "type": "zip",
                "url": "https://api.github.com/repos/symfony/polyfill-php72/zipball/9050816e2ca34a8e916c3a0ae8b9c2fccf68b631",
                "reference": "9050816e2ca34a8e916c3a0ae8b9c2fccf68b631",
                "shasum": ""
            },
            "require": {
                "php": ">=5.3.3"
            },
            "type": "library",
            "extra": {
                "branch-alias": {
                    "dev-master": "1.9-dev"
                }
            },
            "autoload": {
                "psr-4": {
                    "Symfony\\Polyfill\\Php72\\": ""
                },
                "files": [
                    "bootstrap.php"
                ]
            },
            "notification-url": "https://packagist.org/downloads/",
            "license": [
                "MIT"
            ],
            "authors": [
                {
                    "name": "Nicolas Grekas",
                    "email": "p@tchwork.com"
                },
                {
                    "name": "Symfony Community",
                    "homepage": "https://symfony.com/contributors"
                }
            ],
            "description": "Symfony polyfill backporting some PHP 7.2+ features to lower PHP versions",
            "homepage": "https://symfony.com",
            "keywords": [
                "compatibility",
                "polyfill",
                "portable",
                "shim"
            ],
            "time": "2018-09-21T13:07:52+00:00"
        },
        {
            "name": "symfony/process",
            "version": "v2.8.49",
            "source": {
                "type": "git",
                "url": "https://github.com/symfony/process.git",
                "reference": "c3591a09c78639822b0b290d44edb69bf9f05dc8"
            },
            "dist": {
                "type": "zip",
                "url": "https://api.github.com/repos/symfony/process/zipball/c3591a09c78639822b0b290d44edb69bf9f05dc8",
                "reference": "c3591a09c78639822b0b290d44edb69bf9f05dc8",
                "shasum": ""
            },
            "require": {
                "php": ">=5.3.9"
            },
            "type": "library",
            "extra": {
                "branch-alias": {
                    "dev-master": "2.8-dev"
                }
            },
            "autoload": {
                "psr-4": {
                    "Symfony\\Component\\Process\\": ""
                },
                "exclude-from-classmap": [
                    "/Tests/"
                ]
            },
            "notification-url": "https://packagist.org/downloads/",
            "license": [
                "MIT"
            ],
            "authors": [
                {
                    "name": "Fabien Potencier",
                    "email": "fabien@symfony.com"
                },
                {
                    "name": "Symfony Community",
                    "homepage": "https://symfony.com/contributors"
                }
            ],
            "description": "Symfony Process Component",
            "homepage": "https://symfony.com",
            "time": "2018-11-11T11:18:13+00:00"
        },
        {
            "name": "tamtamchik/simple-flash",
            "version": "1.2.5",
            "source": {
                "type": "git",
                "url": "https://github.com/tamtamchik/simple-flash.git",
                "reference": "a68ad8d98c527043d1a51d1e7069d3d98c0e3249"
            },
            "dist": {
                "type": "zip",
                "url": "https://api.github.com/repos/tamtamchik/simple-flash/zipball/a68ad8d98c527043d1a51d1e7069d3d98c0e3249",
                "reference": "a68ad8d98c527043d1a51d1e7069d3d98c0e3249",
                "shasum": ""
            },
            "require": {
                "php": ">=5.4.0"
            },
            "require-dev": {
                "phpunit/phpunit": "4.*",
                "scrutinizer/ocular": "1.*"
            },
            "type": "library",
            "extra": {
                "branch-alias": {
                    "dev-master": "1.3.x-dev",
                    "1.2.x": "1.2.x-dev",
                    "1.1.x": "1.1.x-dev",
                    "1.0.x": "1.0.x-dev"
                }
            },
            "autoload": {
                "psr-4": {
                    "Tamtamchik\\SimpleFlash\\": "src"
                },
                "files": [
                    "src/function.php"
                ]
            },
            "notification-url": "https://packagist.org/downloads/",
            "license": [
                "MIT"
            ],
            "authors": [
                {
                    "name": "Yuri Tkachenko",
                    "email": "yuri.tam.tkachenko@gmail.com",
                    "homepage": "http://tamtamchika.net"
                }
            ],
            "description": "Easy, framework agnostic flash notifications for PHP.",
            "homepage": "http://github.com/tamtamchik/simple-flash",
            "keywords": [
                "agnostic",
                "flash",
                "messages",
                "notifications"
            ],
            "time": "2018-09-04T13:47:00+00:00"
        }
    ],
    "packages-dev": [],
    "aliases": [],
    "minimum-stability": "stable",
    "stability-flags": [],
    "prefer-stable": false,
    "prefer-lowest": false,
    "platform": {
        "php": "^7.1.3"
    },
    "platform-dev": []
}
